
Microsoft Visual Studio Solution File, Format Version 12.00
# Visual Studio 15
VisualStudioVersion = 15.0.28307.1972
MinimumVisualStudioVersion = 10.0.40219.1
Project("{FAE04EC0-301F-11D3-BF4B-00C04F79EFBC}") = "BookClass", "BookClass\BookClass.csproj", "{342EFDAA-D383-44B8-9243-936E2CC3B8EE}"
EndProject
Project("{FAE04EC0-301F-11D3-BF4B-00C04F79EFBC}") = "VerificationService", "VerificationService\VerificationService.csproj", "{D6D17C23-18CB-46A9-9337-78B6CDE56C44}"
EndProject
Project("{FAE04EC0-301F-11D3-BF4B-00C04F79EFBC}") = "BookClass.Tests", "BookClass.Tests\BookClass.Tests.csproj", "{18DFC27E-8FA7-4DC1-BE30-C8EECC27B74C}"
EndProject
Global
	GlobalSection(SolutionConfigurationPlatforms) = preSolution
		Debug|Any CPU = Debug|Any CPU
		Release|Any CPU = Release|Any CPU
	EndGlobalSection
	GlobalSection(ProjectConfigurationPlatforms) = postSolution
		{342EFDAA-D383-44B8-9243-936E2CC3B8EE}.Debug|Any CPU.ActiveCfg = Debug|Any CPU
		{342EFDAA-D383-44B8-9243-936E2CC3B8EE}.Debug|Any CPU.Build.0 = Debug|Any CPU
		{342EFDAA-D383-44B8-9243-936E2CC3B8EE}.Release|Any CPU.ActiveCfg = Release|Any CPU
		{342EFDAA-D383-44B8-9243-936E2CC3B8EE}.Release|Any CPU.Build.0 = Release|Any CPU
		{D6D17C23-18CB-46A9-9337-78B6CDE56C44}.Debug|Any CPU.ActiveCfg = Debug|Any CPU
		{D6D17C23-18CB-46A9-9337-78B6CDE56C44}.Debug|Any CPU.Build.0 = Debug|Any CPU
		{D6D17C23-18CB-46A9-9337-78B6CDE56C44}.Release|Any CPU.ActiveCfg = Release|Any CPU
		{D6D17C23-18CB-46A9-9337-78B6CDE56C44}.Release|Any CPU.Build.0 = Release|Any CPU
		{18DFC27E-8FA7-4DC1-BE30-C8EECC27B74C}.Debug|Any CPU.ActiveCfg = Debug|Any CPU
		{18DFC27E-8FA7-4DC1-BE30-C8EECC27B74C}.Debug|Any CPU.Build.0 = Debug|Any CPU
		{18DFC27E-8FA7-4DC1-BE30-C8EECC27B74C}.Release|Any CPU.ActiveCfg = Release|Any CPU
		{18DFC27E-8FA7-4DC1-BE30-C8EECC27B74C}.Release|Any CPU.Build.0 = Release|Any CPU
	EndGlobalSection
	GlobalSection(SolutionProperties) = preSolution
		HideSolutionNode = FALSE
	EndGlobalSection
	GlobalSection(ExtensibilityGlobals) = postSolution
		SolutionGuid = {7BC25CD4-F021-4604-BE0D-FDCDFFD5B209}
	EndGlobalSection
EndGlobal
